
Microsoft Visual Studio Solution File, Format Version 12.00
# Visual Studio Version 17
VisualStudioVersion = 17.11.35208.52
MinimumVisualStudioVersion = 10.0.40219.1
Project("{FAE04EC0-301F-11D3-BF4B-00C04F79EFBC}") = "LarreaPaul_ExamenP1", "LarreaPaul_ExamenP1\LarreaPaul_ExamenP1.csproj", "{1CA25FCF-9283-408E-A4DA-E76B9FB21AB9}"
EndProject
Global
	GlobalSection(SolutionConfigurationPlatforms) = preSolution
		Debug|Any CPU = Debug|Any CPU
		Release|Any CPU = Release|Any CPU
	EndGlobalSection
	GlobalSection(ProjectConfigurationPlatforms) = postSolution
		{1CA25FCF-9283-408E-A4DA-E76B9FB21AB9}.Debug|Any CPU.ActiveCfg = Debug|Any CPU
		{1CA25FCF-9283-408E-A4DA-E76B9FB21AB9}.Debug|Any CPU.Build.0 = Debug|Any CPU
		{1CA25FCF-9283-408E-A4DA-E76B9FB21AB9}.Release|Any CPU.ActiveCfg = Release|Any CPU
		{1CA25FCF-9283-408E-A4DA-E76B9FB21AB9}.Release|Any CPU.Build.0 = Release|Any CPU
	EndGlobalSection
	GlobalSection(SolutionProperties) = preSolution
		HideSolutionNode = FALSE
	EndGlobalSection
	GlobalSection(ExtensibilityGlobals) = postSolution
		SolutionGuid = {D80C12EF-AC11-444D-80BC-6247B429375B}
	EndGlobalSection
EndGlobal
